
Microsoft Visual Studio Solution File, Format Version 12.00
# Visual Studio 15
VisualStudioVersion = 15.0.28010.2041
MinimumVisualStudioVersion = 10.0.40219.1
Project("{9A19103F-16F7-4668-BE54-9A1E7A4F7556}") = "BusinessObjects", "BusinessObjects\BusinessObjects.csproj", "{B64506F4-0378-4E38-822E-7AA53E4ED156}"
EndProject
Project("{9A19103F-16F7-4668-BE54-9A1E7A4F7556}") = "Repositories", "Repositories\Repositories.csproj", "{A42D1629-9614-4A4A-BCE2-47958032D831}"
EndProject
Project("{9A19103F-16F7-4668-BE54-9A1E7A4F7556}") = "SiloServerCluster", "SiloServerCluster\SiloServerCluster.csproj", "{D40F7B40-024D-46F2-8ABF-E665EFF0BA5A}"
EndProject
Project("{FAE04EC0-301F-11D3-BF4B-00C04F79EFBC}") = "ClientApp.Server", "ClientApp.Server\ClientApp.Server.csproj", "{1641A393-4AED-43EF-B193-22AFFF5C9D2C}"
EndProject
Project("{FAE04EC0-301F-11D3-BF4B-00C04F79EFBC}") = "ClientApp.Client", "ClientApp.Client\ClientApp.Client.csproj", "{3E43130D-77AF-49AD-870F-74F3D34EE2FD}"
EndProject
Project("{FAE04EC0-301F-11D3-BF4B-00C04F79EFBC}") = "ClientApp.Shared", "ClientApp.Shared\ClientApp.Shared.csproj", "{FD960235-F969-4E3D-BE65-AD325E29C973}"
EndProject
Global
	GlobalSection(SolutionConfigurationPlatforms) = preSolution
		Debug|Any CPU = Debug|Any CPU
		Release|Any CPU = Release|Any CPU
	EndGlobalSection
	GlobalSection(ProjectConfigurationPlatforms) = postSolution
		{B64506F4-0378-4E38-822E-7AA53E4ED156}.Debug|Any CPU.ActiveCfg = Debug|Any CPU
		{B64506F4-0378-4E38-822E-7AA53E4ED156}.Debug|Any CPU.Build.0 = Debug|Any CPU
		{B64506F4-0378-4E38-822E-7AA53E4ED156}.Release|Any CPU.ActiveCfg = Release|Any CPU
		{B64506F4-0378-4E38-822E-7AA53E4ED156}.Release|Any CPU.Build.0 = Release|Any CPU
		{A42D1629-9614-4A4A-BCE2-47958032D831}.Debug|Any CPU.ActiveCfg = Debug|Any CPU
		{A42D1629-9614-4A4A-BCE2-47958032D831}.Debug|Any CPU.Build.0 = Debug|Any CPU
		{A42D1629-9614-4A4A-BCE2-47958032D831}.Release|Any CPU.ActiveCfg = Release|Any CPU
		{A42D1629-9614-4A4A-BCE2-47958032D831}.Release|Any CPU.Build.0 = Release|Any CPU
		{D40F7B40-024D-46F2-8ABF-E665EFF0BA5A}.Debug|Any CPU.ActiveCfg = Debug|Any CPU
		{D40F7B40-024D-46F2-8ABF-E665EFF0BA5A}.Debug|Any CPU.Build.0 = Debug|Any CPU
		{D40F7B40-024D-46F2-8ABF-E665EFF0BA5A}.Release|Any CPU.ActiveCfg = Release|Any CPU
		{D40F7B40-024D-46F2-8ABF-E665EFF0BA5A}.Release|Any CPU.Build.0 = Release|Any CPU
		{1641A393-4AED-43EF-B193-22AFFF5C9D2C}.Debug|Any CPU.ActiveCfg = Debug|Any CPU
		{1641A393-4AED-43EF-B193-22AFFF5C9D2C}.Debug|Any CPU.Build.0 = Debug|Any CPU
		{1641A393-4AED-43EF-B193-22AFFF5C9D2C}.Release|Any CPU.ActiveCfg = Release|Any CPU
		{1641A393-4AED-43EF-B193-22AFFF5C9D2C}.Release|Any CPU.Build.0 = Release|Any CPU
		{3E43130D-77AF-49AD-870F-74F3D34EE2FD}.Debug|Any CPU.ActiveCfg = Debug|Any CPU
		{3E43130D-77AF-49AD-870F-74F3D34EE2FD}.Debug|Any CPU.Build.0 = Debug|Any CPU
		{3E43130D-77AF-49AD-870F-74F3D34EE2FD}.Release|Any CPU.ActiveCfg = Release|Any CPU
		{3E43130D-77AF-49AD-870F-74F3D34EE2FD}.Release|Any CPU.Build.0 = Release|Any CPU
		{FD960235-F969-4E3D-BE65-AD325E29C973}.Debug|Any CPU.ActiveCfg = Debug|Any CPU
		{FD960235-F969-4E3D-BE65-AD325E29C973}.Debug|Any CPU.Build.0 = Debug|Any CPU
		{FD960235-F969-4E3D-BE65-AD325E29C973}.Release|Any CPU.ActiveCfg = Release|Any CPU
		{FD960235-F969-4E3D-BE65-AD325E29C973}.Release|Any CPU.Build.0 = Release|Any CPU
	EndGlobalSection
	GlobalSection(SolutionProperties) = preSolution
		HideSolutionNode = FALSE
	EndGlobalSection
	GlobalSection(ExtensibilityGlobals) = postSolution
		SolutionGuid = {97B14E9C-327F-4964-9E5E-E6D626E7BCA8}
	EndGlobalSection
EndGlobal
